
Microsoft Visual Studio Solution File, Format Version 12.00
# Visual Studio Version 16
VisualStudioVersion = 16.0.30320.27
MinimumVisualStudioVersion = 10.0.40219.1
Project("{9A19103F-16F7-4668-BE54-9A1E7A4F7556}") = "Logger", "Logger\Logger.csproj", "{BD00096E-FFCD-437D-9CD0-CF2C95990D79}"
EndProject
Project("{FAE04EC0-301F-11D3-BF4B-00C04F79EFBC}") = "ApiApp", "ApiApp\ApiApp.csproj", "{53AD520F-1260-4494-98A0-921A9B02CDAD}"
EndProject
Project("{FAE04EC0-301F-11D3-BF4B-00C04F79EFBC}") = "Ingest", "SOAPIngest\Ingest.csproj", "{BA8BCDE5-E302-42D2-90E1-AD81494672C3}"
EndProject
Project("{9A19103F-16F7-4668-BE54-9A1E7A4F7556}") = "StaticHttpContextForNetCore", "StaticHttpContextForNetCore\StaticHttpContextForNetCore.csproj", "{E55FCAB5-EFDA-4EF5-91CB-D8D2C752B0E3}"
EndProject
Project("{9A19103F-16F7-4668-BE54-9A1E7A4F7556}") = "ApiControllers", "ApiControllers\ApiControllers.csproj", "{1CBF087A-CAAE-40E5-9A6D-2B1BE6CEB8DD}"
EndProject
Project("{9A19103F-16F7-4668-BE54-9A1E7A4F7556}") = "DAL", "DAL\DAL.csproj", "{050DC020-193A-4D1B-B205-9C384ABC7F38}"
EndProject
Project("{9A19103F-16F7-4668-BE54-9A1E7A4F7556}") = "ApiModels", "ApiModels\ApiModels.csproj", "{3C879E6B-0B88-49FD-A943-F105D747212C}"
EndProject
Project("{9A19103F-16F7-4668-BE54-9A1E7A4F7556}") = "ApiAppNetCore", "ApiAppNetCore\ApiAppNetCore.csproj", "{F09CCBB6-C589-4A5B-9061-2920D8383FF9}"
EndProject
Project("{FAE04EC0-301F-11D3-BF4B-00C04F79EFBC}") = "IngestCommon", "IngestCommon\IngestCommon.csproj", "{31E17AEE-7151-43CB-A5D3-CA42C3059C87}"
EndProject
Global
	GlobalSection(SolutionConfigurationPlatforms) = preSolution
		Debug|Any CPU = Debug|Any CPU
		Release|Any CPU = Release|Any CPU
	EndGlobalSection
	GlobalSection(ProjectConfigurationPlatforms) = postSolution
		{BD00096E-FFCD-437D-9CD0-CF2C95990D79}.Debug|Any CPU.ActiveCfg = Debug|Any CPU
		{BD00096E-FFCD-437D-9CD0-CF2C95990D79}.Debug|Any CPU.Build.0 = Debug|Any CPU
		{BD00096E-FFCD-437D-9CD0-CF2C95990D79}.Release|Any CPU.ActiveCfg = Release|Any CPU
		{BD00096E-FFCD-437D-9CD0-CF2C95990D79}.Release|Any CPU.Build.0 = Release|Any CPU
		{53AD520F-1260-4494-98A0-921A9B02CDAD}.Debug|Any CPU.ActiveCfg = Debug|Any CPU
		{53AD520F-1260-4494-98A0-921A9B02CDAD}.Debug|Any CPU.Build.0 = Debug|Any CPU
		{53AD520F-1260-4494-98A0-921A9B02CDAD}.Release|Any CPU.ActiveCfg = Release|Any CPU
		{53AD520F-1260-4494-98A0-921A9B02CDAD}.Release|Any CPU.Build.0 = Release|Any CPU
		{BA8BCDE5-E302-42D2-90E1-AD81494672C3}.Debug|Any CPU.ActiveCfg = Debug|Any CPU
		{BA8BCDE5-E302-42D2-90E1-AD81494672C3}.Debug|Any CPU.Build.0 = Debug|Any CPU
		{BA8BCDE5-E302-42D2-90E1-AD81494672C3}.Release|Any CPU.ActiveCfg = Release|Any CPU
		{BA8BCDE5-E302-42D2-90E1-AD81494672C3}.Release|Any CPU.Build.0 = Release|Any CPU
		{E55FCAB5-EFDA-4EF5-91CB-D8D2C752B0E3}.Debug|Any CPU.ActiveCfg = Debug|Any CPU
		{E55FCAB5-EFDA-4EF5-91CB-D8D2C752B0E3}.Debug|Any CPU.Build.0 = Debug|Any CPU
		{E55FCAB5-EFDA-4EF5-91CB-D8D2C752B0E3}.Release|Any CPU.ActiveCfg = Release|Any CPU
		{E55FCAB5-EFDA-4EF5-91CB-D8D2C752B0E3}.Release|Any CPU.Build.0 = Release|Any CPU
		{1CBF087A-CAAE-40E5-9A6D-2B1BE6CEB8DD}.Debug|Any CPU.ActiveCfg = Debug|Any CPU
		{1CBF087A-CAAE-40E5-9A6D-2B1BE6CEB8DD}.Debug|Any CPU.Build.0 = Debug|Any CPU
		{1CBF087A-CAAE-40E5-9A6D-2B1BE6CEB8DD}.Release|Any CPU.ActiveCfg = Release|Any CPU
		{1CBF087A-CAAE-40E5-9A6D-2B1BE6CEB8DD}.Release|Any CPU.Build.0 = Release|Any CPU
		{050DC020-193A-4D1B-B205-9C384ABC7F38}.Debug|Any CPU.ActiveCfg = Debug|Any CPU
		{050DC020-193A-4D1B-B205-9C384ABC7F38}.Debug|Any CPU.Build.0 = Debug|Any CPU
		{050DC020-193A-4D1B-B205-9C384ABC7F38}.Release|Any CPU.ActiveCfg = Release|Any CPU
		{050DC020-193A-4D1B-B205-9C384ABC7F38}.Release|Any CPU.Build.0 = Release|Any CPU
		{3C879E6B-0B88-49FD-A943-F105D747212C}.Debug|Any CPU.ActiveCfg = Debug|Any CPU
		{3C879E6B-0B88-49FD-A943-F105D747212C}.Debug|Any CPU.Build.0 = Debug|Any CPU
		{3C879E6B-0B88-49FD-A943-F105D747212C}.Release|Any CPU.ActiveCfg = Release|Any CPU
		{3C879E6B-0B88-49FD-A943-F105D747212C}.Release|Any CPU.Build.0 = Release|Any CPU
		{F09CCBB6-C589-4A5B-9061-2920D8383FF9}.Debug|Any CPU.ActiveCfg = Debug|Any CPU
		{F09CCBB6-C589-4A5B-9061-2920D8383FF9}.Debug|Any CPU.Build.0 = Debug|Any CPU
		{F09CCBB6-C589-4A5B-9061-2920D8383FF9}.Release|Any CPU.ActiveCfg = Release|Any CPU
		{F09CCBB6-C589-4A5B-9061-2920D8383FF9}.Release|Any CPU.Build.0 = Release|Any CPU
		{31E17AEE-7151-43CB-A5D3-CA42C3059C87}.Debug|Any CPU.ActiveCfg = Debug|Any CPU
		{31E17AEE-7151-43CB-A5D3-CA42C3059C87}.Debug|Any CPU.Build.0 = Debug|Any CPU
		{31E17AEE-7151-43CB-A5D3-CA42C3059C87}.Release|Any CPU.ActiveCfg = Release|Any CPU
		{31E17AEE-7151-43CB-A5D3-CA42C3059C87}.Release|Any CPU.Build.0 = Release|Any CPU
	EndGlobalSection
	GlobalSection(SolutionProperties) = preSolution
		HideSolutionNode = FALSE
	EndGlobalSection
	GlobalSection(ExtensibilityGlobals) = postSolution
		SolutionGuid = {816DBAA5-5097-48CE-808D-EEE2D86504E7}
	EndGlobalSection
EndGlobal
